
Microsoft Visual Studio Solution File, Format Version 12.00
# Visual Studio 15
VisualStudioVersion = 15.0.28010.2016
MinimumVisualStudioVersion = 10.0.40219.1
Project("{8BC9CEB8-8B4A-11D0-8D11-00A0C91BC942}") = "Tema_Poo_BALASCAN", "Tema_Poo_BALASCAN\Tema_Poo_BALASCAN.vcxproj", "{8F67C3DA-AB38-4CAC-8EBA-FDAF46461988}"
EndProject
Global
	GlobalSection(SolutionConfigurationPlatforms) = preSolution
		Debug|x64 = Debug|x64
		Debug|x86 = Debug|x86
		Release|x64 = Release|x64
		Release|x86 = Release|x86
	EndGlobalSection
	GlobalSection(ProjectConfigurationPlatforms) = postSolution
		{8F67C3DA-AB38-4CAC-8EBA-FDAF46461988}.Debug|x64.ActiveCfg = Debug|x64
		{8F67C3DA-AB38-4CAC-8EBA-FDAF46461988}.Debug|x64.Build.0 = Debug|x64
		{8F67C3DA-AB38-4CAC-8EBA-FDAF46461988}.Debug|x86.ActiveCfg = Debug|Win32
		{8F67C3DA-AB38-4CAC-8EBA-FDAF46461988}.Debug|x86.Build.0 = Debug|Win32
		{8F67C3DA-AB38-4CAC-8EBA-FDAF46461988}.Release|x64.ActiveCfg = Release|x64
		{8F67C3DA-AB38-4CAC-8EBA-FDAF46461988}.Release|x64.Build.0 = Release|x64
		{8F67C3DA-AB38-4CAC-8EBA-FDAF46461988}.Release|x86.ActiveCfg = Release|Win32
		{8F67C3DA-AB38-4CAC-8EBA-FDAF46461988}.Release|x86.Build.0 = Release|Win32
	EndGlobalSection
	GlobalSection(SolutionProperties) = preSolution
		HideSolutionNode = FALSE
	EndGlobalSection
	GlobalSection(ExtensibilityGlobals) = postSolution
		SolutionGuid = {5921A834-6CCE-49CB-9B53-CE49FD946339}
	EndGlobalSection
EndGlobal
